// !$*UTF8*$!
{
	archiveVersion = 1;
	classes = {
	};
	objectVersion = 56;
	objects = {

/* Begin PBXBuildFile section */
		FA9783E82B7A1EB500B9BDD1 /* Graph1.cpp in Sources */ = {isa = PBXBuildFile; fileRef = FA9783E72B7A1EB500B9BDD1 /* Graph1.cpp */; };
		FA9783EA2B7A1F0200B9BDD1 /* Graph.cpp in Sources */ = {isa = PBXBuildFile; fileRef = FA9783E92B7A1F0200B9BDD1 /* Graph.cpp */; };
		FAA456402B7796A000547500 /* main.cpp in Sources */ = {isa = PBXBuildFile; fileRef = FAA4563F2B7796A000547500 /* main.cpp */; };
		FAA4565D2B78988F00547500 /* main.cpp in Sources */ = {isa = PBXBuildFile; fileRef = FAA4565C2B78988F00547500 /* main.cpp */; };
/* End PBXBuildFile section */

/* Begin PBXCopyFilesBuildPhase section */
		FAA4563A2B7796A000547500 /* CopyFiles */ = {
			isa = PBXCopyFilesBuildPhase;
			buildActionMask = 2147483647;
			dstPath = /usr/share/man/man1/;
			dstSubfolderSpec = 0;
			files = (
			);
			runOnlyForDeploymentPostprocessing = 1;
		};
		FAA456582B78988F00547500 /* CopyFiles */ = {
			isa = PBXCopyFilesBuildPhase;
			buildActionMask = 2147483647;
			dstPath = /usr/share/man/man1/;
			dstSubfolderSpec = 0;
			files = (
			);
			runOnlyForDeploymentPostprocessing = 1;
		};
/* End PBXCopyFilesBuildPhase section */

/* Begin PBXFileReference section */
		FA6AAA922B79DFD60060B831 /* LinkedList.h */ = {isa = PBXFileReference; lastKnownFileType = sourcecode.c.h; path = LinkedList.h; sourceTree = "<group>"; };
		FA9783E62B7A067C00B9BDD1 /* Graph.h */ = {isa = PBXFileReference; lastKnownFileType = sourcecode.c.h; path = Graph.h; sourceTree = "<group>"; };
		FA9783E72B7A1EB500B9BDD1 /* Graph1.cpp */ = {isa = PBXFileReference; lastKnownFileType = sourcecode.cpp.cpp; path = Graph1.cpp; sourceTree = "<group>"; };
		FA9783E92B7A1F0200B9BDD1 /* Graph.cpp */ = {isa = PBXFileReference; lastKnownFileType = sourcecode.cpp.cpp; path = Graph.cpp; sourceTree = "<group>"; };
		FAA4563C2B7796A000547500 /* BipartiteGraph */ = {isa = PBXFileReference; explicitFileType = "compiled.mach-o.executable"; includeInIndex = 0; path = BipartiteGraph; sourceTree = BUILT_PRODUCTS_DIR; };
		FAA4563F2B7796A000547500 /* main.cpp */ = {isa = PBXFileReference; lastKnownFileType = sourcecode.cpp.cpp; path = main.cpp; sourceTree = "<group>"; };
		FAA4565A2B78988F00547500 /* Test */ = {isa = PBXFileReference; explicitFileType = "compiled.mach-o.executable"; includeInIndex = 0; path = Test; sourceTree = BUILT_PRODUCTS_DIR; };
		FAA4565C2B78988F00547500 /* main.cpp */ = {isa = PBXFileReference; lastKnownFileType = sourcecode.cpp.cpp; path = main.cpp; sourceTree = "<group>"; };
/* End PBXFileReference section */

/* Begin PBXFrameworksBuildPhase section */
		FAA456392B7796A000547500 /* Frameworks */ = {
			isa = PBXFrameworksBuildPhase;
			buildActionMask = 2147483647;
			files = (
			);
			runOnlyForDeploymentPostprocessing = 0;
		};
		FAA456572B78988F00547500 /* Frameworks */ = {
			isa = PBXFrameworksBuildPhase;
			buildActionMask = 2147483647;
			files = (
			);
			runOnlyForDeploymentPostprocessing = 0;
		};
/* End PBXFrameworksBuildPhase section */

/* Begin PBXGroup section */
		FA6AAA912B79DFAC0060B831 /* Header */ = {
			isa = PBXGroup;
			children = (
				FA6AAA922B79DFD60060B831 /* LinkedList.h */,
				FA9783E62B7A067C00B9BDD1 /* Graph.h */,
			);
			path = Header;
			sourceTree = "<group>";
		};
		FAA456332B7796A000547500 = {
			isa = PBXGroup;
			children = (
				FA6AAA912B79DFAC0060B831 /* Header */,
				FAA4563E2B7796A000547500 /* BipartiteGraph */,
				FAA4565B2B78988F00547500 /* Test */,
				FAA4563D2B7796A000547500 /* Products */,
			);
			sourceTree = "<group>";
		};
		FAA4563D2B7796A000547500 /* Products */ = {
			isa = PBXGroup;
			children = (
				FAA4563C2B7796A000547500 /* BipartiteGraph */,
				FAA4565A2B78988F00547500 /* Test */,
			);
			name = Products;
			sourceTree = "<group>";
		};
		FAA4563E2B7796A000547500 /* BipartiteGraph */ = {
			isa = PBXGroup;
			children = (
				FAA4563F2B7796A000547500 /* main.cpp */,
				FA9783E72B7A1EB500B9BDD1 /* Graph1.cpp */,
				FA9783E92B7A1F0200B9BDD1 /* Graph.cpp */,
			);
			path = BipartiteGraph;
			sourceTree = "<group>";
		};
		FAA4565B2B78988F00547500 /* Test */ = {
			isa = PBXGroup;
			children = (
				FAA4565C2B78988F00547500 /* main.cpp */,
			);
			path = Test;
			sourceTree = "<group>";
		};
/* End PBXGroup section */

/* Begin PBXNativeTarget section */
		FAA4563B2B7796A000547500 /* BipartiteGraph */ = {
			isa = PBXNativeTarget;
			buildConfigurationList = FAA456432B7796A000547500 /* Build configuration list for PBXNativeTarget "BipartiteGraph" */;
			buildPhases = (
				FAA456382B7796A000547500 /* Sources */,
				FAA456392B7796A000547500 /* Frameworks */,
				FAA4563A2B7796A000547500 /* CopyFiles */,
			);
			buildRules = (
			);
			dependencies = (
			);
			name = BipartiteGraph;
			productName = BipartiteGraph;
			productReference = FAA4563C2B7796A000547500 /* BipartiteGraph */;
			productType = "com.apple.product-type.tool";
		};
		FAA456592B78988F00547500 /* Test */ = {
			isa = PBXNativeTarget;
			buildConfigurationList = FAA4565E2B78988F00547500 /* Build configuration list for PBXNativeTarget "Test" */;
			buildPhases = (
				FAA456562B78988F00547500 /* Sources */,
				FAA456572B78988F00547500 /* Frameworks */,
				FAA456582B78988F00547500 /* CopyFiles */,
			);
			buildRules = (
			);
			dependencies = (
			);
			name = Test;
			productName = Test;
			productReference = FAA4565A2B78988F00547500 /* Test */;
			productType = "com.apple.product-type.tool";
		};
/* End PBXNativeTarget section */

/* Begin PBXProject section */
		FAA456342B7796A000547500 /* Project object */ = {
			isa = PBXProject;
			attributes = {
				BuildIndependentTargetsInParallel = 1;
				LastUpgradeCheck = 1500;
				TargetAttributes = {
					FAA4563B2B7796A000547500 = {
						CreatedOnToolsVersion = 15.0.1;
					};
					FAA456592B78988F00547500 = {
						CreatedOnToolsVersion = 15.0.1;
					};
				};
			};
			buildConfigurationList = FAA456372B7796A000547500 /* Build configuration list for PBXProject "BipartiteGraph" */;
			compatibilityVersion = "Xcode 14.0";
			developmentRegion = en;
			hasScannedForEncodings = 0;
			knownRegions = (
				en,
				Base,
			);
			mainGroup = FAA456332B7796A000547500;
			productRefGroup = FAA4563D2B7796A000547500 /* Products */;
			projectDirPath = "";
			projectRoot = "";
			targets = (
				FAA4563B2B7796A000547500 /* BipartiteGraph */,
				FAA456592B78988F00547500 /* Test */,
			);
		};
/* End PBXProject section */

/* Begin PBXSourcesBuildPhase section */
		FAA456382B7796A000547500 /* Sources */ = {
			isa = PBXSourcesBuildPhase;
			buildActionMask = 2147483647;
			files = (
				FA9783E82B7A1EB500B9BDD1 /* Graph1.cpp in Sources */,
				FA9783EA2B7A1F0200B9BDD1 /* Graph.cpp in Sources */,
				FAA456402B7796A000547500 /* main.cpp in Sources */,
			);
			runOnlyForDeploymentPostprocessing = 0;
		};
		FAA456562B78988F00547500 /* Sources */ = {
			isa = PBXSourcesBuildPhase;
			buildActionMask = 2147483647;
			files = (
				FAA4565D2B78988F00547500 /* main.cpp in Sources */,
			);
			runOnlyForDeploymentPostprocessing = 0;
		};
/* End PBXSourcesBuildPhase section */

/* Begin XCBuildConfiguration section */
		FAA456412B7796A000547500 /* Debug */ = {
			isa = XCBuildConfiguration;
			buildSettings = {
				ALWAYS_SEARCH_USER_PATHS = NO;
				ASSETCATALOG_COMPILER_GENERATE_SWIFT_ASSET_SYMBOL_EXTENSIONS = YES;
				CLANG_ANALYZER_NONNULL = YES;
				CLANG_ANALYZER_NUMBER_OBJECT_CONVERSION = YES_AGGRESSIVE;
				CLANG_CXX_LANGUAGE_STANDARD = "gnu++20";
				CLANG_ENABLE_MODULES = YES;
				CLANG_ENABLE_OBJC_ARC = YES;
				CLANG_ENABLE_OBJC_WEAK = YES;
				CLANG_WARN_BLOCK_CAPTURE_AUTORELEASING = YES;
				CLANG_WARN_BOOL_CONVERSION = YES;
				CLANG_WARN_COMMA = YES;
				CLANG_WARN_CONSTANT_CONVERSION = YES;
				CLANG_WARN_DEPRECATED_OBJC_IMPLEMENTATIONS = YES;
				CLANG_WARN_DIRECT_OBJC_ISA_USAGE = YES_ERROR;
				CLANG_WARN_DOCUMENTATION_COMMENTS = YES;
				CLANG_WARN_EMPTY_BODY = YES;
				CLANG_WARN_ENUM_CONVERSION = YES;
				CLANG_WARN_INFINITE_RECURSION = YES;
				CLANG_WARN_INT_CONVERSION = YES;
				CLANG_WARN_NON_LITERAL_NULL_CONVERSION = YES;
				CLANG_WARN_OBJC_IMPLICIT_RETAIN_SELF = YES;
				CLANG_WARN_OBJC_LITERAL_CONVERSION = YES;
				CLANG_WARN_OBJC_ROOT_CLASS = YES_ERROR;
				CLANG_WARN_QUOTED_INCLUDE_IN_FRAMEWORK_HEADER = YES;
				CLANG_WARN_RANGE_LOOP_ANALYSIS = YES;
				CLANG_WARN_STRICT_PROTOTYPES = YES;
				CLANG_WARN_SUSPICIOUS_MOVE = YES;
				CLANG_WARN_UNGUARDED_AVAILABILITY = YES_AGGRESSIVE;
				CLANG_WARN_UNREACHABLE_CODE = YES;
				CLANG_WARN__DUPLICATE_METHOD_MATCH = YES;
				COPY_PHASE_STRIP = NO;
				DEBUG_INFORMATION_FORMAT = dwarf;
				ENABLE_STRICT_OBJC_MSGSEND = YES;
				ENABLE_TESTABILITY = YES;
				ENABLE_USER_SCRIPT_SANDBOXING = YES;
				GCC_C_LANGUAGE_STANDARD = gnu17;
				GCC_DYNAMIC_NO_PIC = NO;
				GCC_NO_COMMON_BLOCKS = YES;
				GCC_OPTIMIZATION_LEVEL = 0;
				GCC_PREPROCESSOR_DEFINITIONS = (
					"DEBUG=1",
					"$(inherited)",
				);
				GCC_WARN_64_TO_32_BIT_CONVERSION = YES;
				GCC_WARN_ABOUT_RETURN_TYPE = YES_ERROR;
				GCC_WARN_UNDECLARED_SELECTOR = YES;
				GCC_WARN_UNINITIALIZED_AUTOS = YES_AGGRESSIVE;
				GCC_WARN_UNUSED_FUNCTION = YES;
				GCC_WARN_UNUSED_VARIABLE = YES;
				LOCALIZATION_PREFERS_STRING_CATALOGS = YES;
				MACOSX_DEPLOYMENT_TARGET = 14.0;
				MTL_ENABLE_DEBUG_INFO = INCLUDE_SOURCE;
				MTL_FAST_MATH = YES;
				ONLY_ACTIVE_ARCH = YES;
				SDKROOT = macosx;
			};
			name = Debug;
		};
		FAA456422B7796A000547500 /* Release */ = {
			isa = XCBuildConfiguration;
			buildSettings = {
				ALWAYS_SEARCH_USER_PATHS = NO;
				ASSETCATALOG_COMPILER_GENERATE_SWIFT_ASSET_SYMBOL_EXTENSIONS = YES;
				CLANG_ANALYZER_NONNULL = YES;
				CLANG_ANALYZER_NUMBER_OBJECT_CONVERSION = YES_AGGRESSIVE;
				CLANG_CXX_LANGUAGE_STANDARD = "gnu++20";
				CLANG_ENABLE_MODULES = YES;
				CLANG_ENABLE_OBJC_ARC = YES;
				CLANG_ENABLE_OBJC_WEAK = YES;
				CLANG_WARN_BLOCK_CAPTURE_AUTORELEASING = YES;
				CLANG_WARN_BOOL_CONVERSION = YES;
				CLANG_WARN_COMMA = YES;
				CLANG_WARN_CONSTANT_CONVERSION = YES;
				CLANG_WARN_DEPRECATED_OBJC_IMPLEMENTATIONS = YES;
				CLANG_WARN_DIRECT_OBJC_ISA_USAGE = YES_ERROR;
				CLANG_WARN_DOCUMENTATION_COMMENTS = YES;
				CLANG_WARN_EMPTY_BODY = YES;
				CLANG_WARN_ENUM_CONVERSION = YES;
				CLANG_WARN_INFINITE_RECURSION = YES;
				CLANG_WARN_INT_CONVERSION = YES;
				CLANG_WARN_NON_LITERAL_NULL_CONVERSION = YES;
				CLANG_WARN_OBJC_IMPLICIT_RETAIN_SELF = YES;
				CLANG_WARN_OBJC_LITERAL_CONVERSION = YES;
				CLANG_WARN_OBJC_ROOT_CLASS = YES_ERROR;
				CLANG_WARN_QUOTED_INCLUDE_IN_FRAMEWORK_HEADER = YES;
				CLANG_WARN_RANGE_LOOP_ANALYSIS = YES;
				CLANG_WARN_STRICT_PROTOTYPES = YES;
				CLANG_WARN_SUSPICIOUS_MOVE = YES;
				CLANG_WARN_UNGUARDED_AVAILABILITY = YES_AGGRESSIVE;
				CLANG_WARN_UNREACHABLE_CODE = YES;
				CLANG_WARN__DUPLICATE_METHOD_MATCH = YES;
				COPY_PHASE_STRIP = NO;
				DEBUG_INFORMATION_FORMAT = "dwarf-with-dsym";
				ENABLE_NS_ASSERTIONS = NO;
				ENABLE_STRICT_OBJC_MSGSEND = YES;
				ENABLE_USER_SCRIPT_SANDBOXING = YES;
				GCC_C_LANGUAGE_STANDARD = gnu17;
				GCC_NO_COMMON_BLOCKS = YES;
				GCC_WARN_64_TO_32_BIT_CONVERSION = YES;
				GCC_WARN_ABOUT_RETURN_TYPE = YES_ERROR;
				GCC_WARN_UNDECLARED_SELECTOR = YES;
				GCC_WARN_UNINITIALIZED_AUTOS = YES_AGGRESSIVE;
				GCC_WARN_UNUSED_FUNCTION = YES;
				GCC_WARN_UNUSED_VARIABLE = YES;
				LOCALIZATION_PREFERS_STRING_CATALOGS = YES;
				MACOSX_DEPLOYMENT_TARGET = 14.0;
				MTL_ENABLE_DEBUG_INFO = NO;
				MTL_FAST_MATH = YES;
				SDKROOT = macosx;
			};
			name = Release;
		};
		FAA456442B7796A000547500 /* Debug */ = {
			isa = XCBuildConfiguration;
			buildSettings = {
				CODE_SIGN_STYLE = Automatic;
				DEVELOPMENT_TEAM = X3JWWH98Q6;
				ENABLE_HARDENED_RUNTIME = YES;
				PRODUCT_NAME = "$(TARGET_NAME)";
			};
			name = Debug;
		};
		FAA456452B7796A000547500 /* Release */ = {
			isa = XCBuildConfiguration;
			buildSettings = {
				CODE_SIGN_STYLE = Automatic;
				DEVELOPMENT_TEAM = X3JWWH98Q6;
				ENABLE_HARDENED_RUNTIME = YES;
				PRODUCT_NAME = "$(TARGET_NAME)";
			};
			name = Release;
		};
		FAA4565F2B78988F00547500 /* Debug */ = {
			isa = XCBuildConfiguration;
			buildSettings = {
				CODE_SIGN_STYLE = Automatic;
				DEVELOPMENT_TEAM = X3JWWH98Q6;
				ENABLE_HARDENED_RUNTIME = YES;
				PRODUCT_NAME = "$(TARGET_NAME)";
			};
			name = Debug;
		};
		FAA456602B78988F00547500 /* Release */ = {
			isa = XCBuildConfiguration;
			buildSettings = {
				CODE_SIGN_STYLE = Automatic;
				DEVELOPMENT_TEAM = X3JWWH98Q6;
				ENABLE_HARDENED_RUNTIME = YES;
				PRODUCT_NAME = "$(TARGET_NAME)";
			};
			name = Release;
		};
/* End XCBuildConfiguration section */

/* Begin XCConfigurationList section */
		FAA456372B7796A000547500 /* Build configuration list for PBXProject "BipartiteGraph" */ = {
			isa = XCConfigurationList;
			buildConfigurations = (
				FAA456412B7796A000547500 /* Debug */,
				FAA456422B7796A000547500 /* Release */,
			);
			defaultConfigurationIsVisible = 0;
			defaultConfigurationName = Release;
		};
		FAA456432B7796A000547500 /* Build configuration list for PBXNativeTarget "BipartiteGraph" */ = {
			isa = XCConfigurationList;
			buildConfigurations = (
				FAA456442B7796A000547500 /* Debug */,
				FAA456452B7796A000547500 /* Release */,
			);
			defaultConfigurationIsVisible = 0;
			defaultConfigurationName = Release;
		};
		FAA4565E2B78988F00547500 /* Build configuration list for PBXNativeTarget "Test" */ = {
			isa = XCConfigurationList;
			buildConfigurations = (
				FAA4565F2B78988F00547500 /* Debug */,
				FAA456602B78988F00547500 /* Release */,
			);
			defaultConfigurationIsVisible = 0;
			defaultConfigurationName = Release;
		};
/* End XCConfigurationList section */
	};
	rootObject = FAA456342B7796A000547500 /* Project object */;
}
